
Microsoft Visual Studio Solution File, Format Version 12.00
# Visual Studio Version 17
VisualStudioVersion = 17.4.33103.184
MinimumVisualStudioVersion = 10.0.40219.1
Project("{9092AA53-FB77-4645-B42D-1CCCA6BD08BD}") = "Asgard", "Asgard\Asgard.njsproj", "{8B1DA6D4-7BBD-4FEF-B04A-4AA677A4638A}"
EndProject
Global
	GlobalSection(SolutionConfigurationPlatforms) = preSolution
		Debug|Any CPU = Debug|Any CPU
		Release|Any CPU = Release|Any CPU
	EndGlobalSection
	GlobalSection(ProjectConfigurationPlatforms) = postSolution
		{8B1DA6D4-7BBD-4FEF-B04A-4AA677A4638A}.Debug|Any CPU.ActiveCfg = Debug|Any CPU
		{8B1DA6D4-7BBD-4FEF-B04A-4AA677A4638A}.Debug|Any CPU.Build.0 = Debug|Any CPU
		{8B1DA6D4-7BBD-4FEF-B04A-4AA677A4638A}.Release|Any CPU.ActiveCfg = Release|Any CPU
		{8B1DA6D4-7BBD-4FEF-B04A-4AA677A4638A}.Release|Any CPU.Build.0 = Release|Any CPU
	EndGlobalSection
	GlobalSection(SolutionProperties) = preSolution
		HideSolutionNode = FALSE
	EndGlobalSection
	GlobalSection(ExtensibilityGlobals) = postSolution
		SolutionGuid = {DF0FA16F-E227-4041-87F5-562BD0F02B7D}
	EndGlobalSection
EndGlobal
